
Microsoft Visual Studio Solution File, Format Version 12.00
# Visual Studio Version 17
VisualStudioVersion = 17.4.33110.190
MinimumVisualStudioVersion = 10.0.40219.1
Project("{9A19103F-16F7-4668-BE54-9A1E7A4F7556}") = "Publisher", "Publisher\Publisher.csproj", "{FD4960E4-63AC-4C7E-82CC-CD3C85F68E4B}"
EndProject
Project("{9A19103F-16F7-4668-BE54-9A1E7A4F7556}") = "Common", "Common\Common.csproj", "{FF2D9092-03FF-413F-BC15-8FD8B388BF8F}"
EndProject
Project("{FAE04EC0-301F-11D3-BF4B-00C04F79EFBC}") = "Subscriber", "Subscriber\Subscriber.csproj", "{B796F717-D721-474B-8682-7D1F47D38399}"
EndProject
Global
	GlobalSection(SolutionConfigurationPlatforms) = preSolution
		Debug|Any CPU = Debug|Any CPU
		Release|Any CPU = Release|Any CPU
	EndGlobalSection
	GlobalSection(ProjectConfigurationPlatforms) = postSolution
		{FD4960E4-63AC-4C7E-82CC-CD3C85F68E4B}.Debug|Any CPU.ActiveCfg = Debug|Any CPU
		{FD4960E4-63AC-4C7E-82CC-CD3C85F68E4B}.Debug|Any CPU.Build.0 = Debug|Any CPU
		{FD4960E4-63AC-4C7E-82CC-CD3C85F68E4B}.Release|Any CPU.ActiveCfg = Release|Any CPU
		{FD4960E4-63AC-4C7E-82CC-CD3C85F68E4B}.Release|Any CPU.Build.0 = Release|Any CPU
		{FF2D9092-03FF-413F-BC15-8FD8B388BF8F}.Debug|Any CPU.ActiveCfg = Debug|Any CPU
		{FF2D9092-03FF-413F-BC15-8FD8B388BF8F}.Debug|Any CPU.Build.0 = Debug|Any CPU
		{FF2D9092-03FF-413F-BC15-8FD8B388BF8F}.Release|Any CPU.ActiveCfg = Release|Any CPU
		{FF2D9092-03FF-413F-BC15-8FD8B388BF8F}.Release|Any CPU.Build.0 = Release|Any CPU
		{B796F717-D721-474B-8682-7D1F47D38399}.Debug|Any CPU.ActiveCfg = Debug|Any CPU
		{B796F717-D721-474B-8682-7D1F47D38399}.Debug|Any CPU.Build.0 = Debug|Any CPU
		{B796F717-D721-474B-8682-7D1F47D38399}.Release|Any CPU.ActiveCfg = Release|Any CPU
		{B796F717-D721-474B-8682-7D1F47D38399}.Release|Any CPU.Build.0 = Release|Any CPU
	EndGlobalSection
	GlobalSection(SolutionProperties) = preSolution
		HideSolutionNode = FALSE
	EndGlobalSection
	GlobalSection(ExtensibilityGlobals) = postSolution
		SolutionGuid = {6EE6223F-6671-458F-AC04-3537F69CB524}
	EndGlobalSection
EndGlobal
